// !$*UTF8*$!
{
	archiveVersion = 1;
	classes = {
	};
	objectVersion = 48;
	objects = {

/* Begin PBXBuildFile section */
		3350E8671FA9673D00415C9F /* JPWindowController.m in Sources */ = {isa = PBXBuildFile; fileRef = 3350E8661FA9673D00415C9F /* JPWindowController.m */; };
		3350E88F1FA96EF000415C9F /* WebKit.framework in Frameworks */ = {isa = PBXBuildFile; fileRef = 3350E88E1FA96EF000415C9F /* WebKit.framework */; };
		3350E8CB1FA97A9700415C9F /* je.html in Resources */ = {isa = PBXBuildFile; fileRef = 3350E8C21FA97A9700415C9F /* je.html */; };
		3350E8CD1FA97AF300415C9F /* dist in Resources */ = {isa = PBXBuildFile; fileRef = 3350E8CC1FA97AF300415C9F /* dist */; };
		33E1214B1FA87E1A00B775D5 /* AppDelegate.m in Sources */ = {isa = PBXBuildFile; fileRef = 33E1214A1FA87E1A00B775D5 /* AppDelegate.m */; };
		33E1214E1FA87E1B00B775D5 /* ViewController.m in Sources */ = {isa = PBXBuildFile; fileRef = 33E1214D1FA87E1B00B775D5 /* ViewController.m */; };
		33E121501FA87E1B00B775D5 /* Assets.xcassets in Resources */ = {isa = PBXBuildFile; fileRef = 33E1214F1FA87E1B00B775D5 /* Assets.xcassets */; };
		33E121531FA87E1B00B775D5 /* Main.storyboard in Resources */ = {isa = PBXBuildFile; fileRef = 33E121511FA87E1B00B775D5 /* Main.storyboard */; };
		33E121561FA87E1B00B775D5 /* main.m in Sources */ = {isa = PBXBuildFile; fileRef = 33E121551FA87E1B00B775D5 /* main.m */; };
		33E1215F1FA87E2F00B775D5 /* TGClassObject.m in Sources */ = {isa = PBXBuildFile; fileRef = 33E1215E1FA87E2F00B775D5 /* TGClassObject.m */; };
/* End PBXBuildFile section */

/* Begin PBXFileReference section */
		3350E8651FA9673D00415C9F /* JPWindowController.h */ = {isa = PBXFileReference; lastKnownFileType = sourcecode.c.h; path = JPWindowController.h; sourceTree = "<group>"; };
		3350E8661FA9673D00415C9F /* JPWindowController.m */ = {isa = PBXFileReference; lastKnownFileType = sourcecode.c.objc; path = JPWindowController.m; sourceTree = "<group>"; };
		3350E88E1FA96EF000415C9F /* WebKit.framework */ = {isa = PBXFileReference; lastKnownFileType = wrapper.framework; name = WebKit.framework; path = System/Library/Frameworks/WebKit.framework; sourceTree = SDKROOT; };
		3350E8C21FA97A9700415C9F /* je.html */ = {isa = PBXFileReference; fileEncoding = 4; lastKnownFileType = text.html; path = je.html; sourceTree = "<group>"; };
		3350E8CC1FA97AF300415C9F /* dist */ = {isa = PBXFileReference; lastKnownFileType = folder; path = dist; sourceTree = "<group>"; };
		33E121461FA87E1A00B775D5 /* JPTool.app */ = {isa = PBXFileReference; explicitFileType = wrapper.application; includeInIndex = 0; path = JPTool.app; sourceTree = BUILT_PRODUCTS_DIR; };
		33E121491FA87E1A00B775D5 /* AppDelegate.h */ = {isa = PBXFileReference; lastKnownFileType = sourcecode.c.h; path = AppDelegate.h; sourceTree = "<group>"; };
		33E1214A1FA87E1A00B775D5 /* AppDelegate.m */ = {isa = PBXFileReference; lastKnownFileType = sourcecode.c.objc; path = AppDelegate.m; sourceTree = "<group>"; };
		33E1214C1FA87E1B00B775D5 /* ViewController.h */ = {isa = PBXFileReference; lastKnownFileType = sourcecode.c.h; path = ViewController.h; sourceTree = "<group>"; };
		33E1214D1FA87E1B00B775D5 /* ViewController.m */ = {isa = PBXFileReference; lastKnownFileType = sourcecode.c.objc; path = ViewController.m; sourceTree = "<group>"; };
		33E1214F1FA87E1B00B775D5 /* Assets.xcassets */ = {isa = PBXFileReference; lastKnownFileType = folder.assetcatalog; path = Assets.xcassets; sourceTree = "<group>"; };
		33E121521FA87E1B00B775D5 /* Base */ = {isa = PBXFileReference; lastKnownFileType = file.storyboard; name = Base; path = Base.lproj/Main.storyboard; sourceTree = "<group>"; };
		33E121541FA87E1B00B775D5 /* Info.plist */ = {isa = PBXFileReference; lastKnownFileType = text.plist.xml; path = Info.plist; sourceTree = "<group>"; };
		33E121551FA87E1B00B775D5 /* main.m */ = {isa = PBXFileReference; lastKnownFileType = sourcecode.c.objc; path = main.m; sourceTree = "<group>"; };
		33E121571FA87E1B00B775D5 /* JPTool.entitlements */ = {isa = PBXFileReference; lastKnownFileType = text.plist.entitlements; path = JPTool.entitlements; sourceTree = "<group>"; };
		33E1215D1FA87E2E00B775D5 /* TGClassObject.h */ = {isa = PBXFileReference; lastKnownFileType = sourcecode.c.h; path = TGClassObject.h; sourceTree = "<group>"; };
		33E1215E1FA87E2F00B775D5 /* TGClassObject.m */ = {isa = PBXFileReference; lastKnownFileType = sourcecode.c.objc; path = TGClassObject.m; sourceTree = "<group>"; };
/* End PBXFileReference section */

/* Begin PBXFrameworksBuildPhase section */
		33E121431FA87E1A00B775D5 /* Frameworks */ = {
			isa = PBXFrameworksBuildPhase;
			buildActionMask = 2147483647;
			files = (
				3350E88F1FA96EF000415C9F /* WebKit.framework in Frameworks */,
			);
			runOnlyForDeploymentPostprocessing = 0;
		};
/* End PBXFrameworksBuildPhase section */

/* Begin PBXGroup section */
		3350E88D1FA96EF000415C9F /* Frameworks */ = {
			isa = PBXGroup;
			children = (
				3350E88E1FA96EF000415C9F /* WebKit.framework */,
			);
			name = Frameworks;
			sourceTree = "<group>";
		};
		3350E8B51FA97A9700415C9F /* JsonEditor */ = {
			isa = PBXGroup;
			children = (
				3350E8CC1FA97AF300415C9F /* dist */,
				3350E8C21FA97A9700415C9F /* je.html */,
			);
			path = JsonEditor;
			sourceTree = "<group>";
		};
		33E1213D1FA87E1A00B775D5 = {
			isa = PBXGroup;
			children = (
				33E121481FA87E1A00B775D5 /* JPTool */,
				33E121471FA87E1A00B775D5 /* Products */,
				3350E88D1FA96EF000415C9F /* Frameworks */,
			);
			sourceTree = "<group>";
		};
		33E121471FA87E1A00B775D5 /* Products */ = {
			isa = PBXGroup;
			children = (
				33E121461FA87E1A00B775D5 /* JPTool.app */,
			);
			name = Products;
			sourceTree = "<group>";
		};
		33E121481FA87E1A00B775D5 /* JPTool */ = {
			isa = PBXGroup;
			children = (
				3350E8B51FA97A9700415C9F /* JsonEditor */,
				33E121491FA87E1A00B775D5 /* AppDelegate.h */,
				33E1214A1FA87E1A00B775D5 /* AppDelegate.m */,
				33E1214C1FA87E1B00B775D5 /* ViewController.h */,
				33E1214D1FA87E1B00B775D5 /* ViewController.m */,
				3350E8651FA9673D00415C9F /* JPWindowController.h */,
				3350E8661FA9673D00415C9F /* JPWindowController.m */,
				33E1214F1FA87E1B00B775D5 /* Assets.xcassets */,
				33E1215D1FA87E2E00B775D5 /* TGClassObject.h */,
				33E1215E1FA87E2F00B775D5 /* TGClassObject.m */,
				33E121511FA87E1B00B775D5 /* Main.storyboard */,
				33E121541FA87E1B00B775D5 /* Info.plist */,
				33E121551FA87E1B00B775D5 /* main.m */,
				33E121571FA87E1B00B775D5 /* JPTool.entitlements */,
			);
			path = JPTool;
			sourceTree = "<group>";
		};
/* End PBXGroup section */

/* Begin PBXNativeTarget section */
		33E121451FA87E1A00B775D5 /* JPTool */ = {
			isa = PBXNativeTarget;
			buildConfigurationList = 33E1215A1FA87E1B00B775D5 /* Build configuration list for PBXNativeTarget "JPTool" */;
			buildPhases = (
				33E121421FA87E1A00B775D5 /* Sources */,
				33E121431FA87E1A00B775D5 /* Frameworks */,
				33E121441FA87E1A00B775D5 /* Resources */,
			);
			buildRules = (
			);
			dependencies = (
			);
			name = JPTool;
			productName = JPTool;
			productReference = 33E121461FA87E1A00B775D5 /* JPTool.app */;
			productType = "com.apple.product-type.application";
		};
/* End PBXNativeTarget section */

/* Begin PBXProject section */
		33E1213E1FA87E1A00B775D5 /* Project object */ = {
			isa = PBXProject;
			attributes = {
				LastUpgradeCheck = 0900;
				ORGANIZATIONNAME = SunYang;
				TargetAttributes = {
					33E121451FA87E1A00B775D5 = {
						CreatedOnToolsVersion = 9.0;
						ProvisioningStyle = Automatic;
						SystemCapabilities = {
							com.apple.Sandbox = {
								enabled = 0;
							};
						};
					};
				};
			};
			buildConfigurationList = 33E121411FA87E1A00B775D5 /* Build configuration list for PBXProject "JPTool" */;
			compatibilityVersion = "Xcode 8.0";
			developmentRegion = en;
			hasScannedForEncodings = 0;
			knownRegions = (
				en,
				Base,
			);
			mainGroup = 33E1213D1FA87E1A00B775D5;
			productRefGroup = 33E121471FA87E1A00B775D5 /* Products */;
			projectDirPath = "";
			projectRoot = "";
			targets = (
				33E121451FA87E1A00B775D5 /* JPTool */,
			);
		};
/* End PBXProject section */

/* Begin PBXResourcesBuildPhase section */
		33E121441FA87E1A00B775D5 /* Resources */ = {
			isa = PBXResourcesBuildPhase;
			buildActionMask = 2147483647;
			files = (
				3350E8CD1FA97AF300415C9F /* dist in Resources */,
				33E121501FA87E1B00B775D5 /* Assets.xcassets in Resources */,
				3350E8CB1FA97A9700415C9F /* je.html in Resources */,
				33E121531FA87E1B00B775D5 /* Main.storyboard in Resources */,
			);
			runOnlyForDeploymentPostprocessing = 0;
		};
/* End PBXResourcesBuildPhase section */

/* Begin PBXSourcesBuildPhase section */
		33E121421FA87E1A00B775D5 /* Sources */ = {
			isa = PBXSourcesBuildPhase;
			buildActionMask = 2147483647;
			files = (
				33E1214E1FA87E1B00B775D5 /* ViewController.m in Sources */,
				33E121561FA87E1B00B775D5 /* main.m in Sources */,
				33E1215F1FA87E2F00B775D5 /* TGClassObject.m in Sources */,
				33E1214B1FA87E1A00B775D5 /* AppDelegate.m in Sources */,
				3350E8671FA9673D00415C9F /* JPWindowController.m in Sources */,
			);
			runOnlyForDeploymentPostprocessing = 0;
		};
/* End PBXSourcesBuildPhase section */

/* Begin PBXVariantGroup section */
		33E121511FA87E1B00B775D5 /* Main.storyboard */ = {
			isa = PBXVariantGroup;
			children = (
				33E121521FA87E1B00B775D5 /* Base */,
			);
			name = Main.storyboard;
			sourceTree = "<group>";
		};
/* End PBXVariantGroup section */

/* Begin XCBuildConfiguration section */
		33E121581FA87E1B00B775D5 /* Debug */ = {
			isa = XCBuildConfiguration;
			buildSettings = {
				ALWAYS_SEARCH_USER_PATHS = NO;
				CLANG_ANALYZER_NONNULL = YES;
				CLANG_ANALYZER_NUMBER_OBJECT_CONVERSION = YES_AGGRESSIVE;
				CLANG_CXX_LANGUAGE_STANDARD = "gnu++14";
				CLANG_CXX_LIBRARY = "libc++";
				CLANG_ENABLE_MODULES = YES;
				CLANG_ENABLE_OBJC_ARC = YES;
				CLANG_WARN_BLOCK_CAPTURE_AUTORELEASING = YES;
				CLANG_WARN_BOOL_CONVERSION = YES;
				CLANG_WARN_COMMA = YES;
				CLANG_WARN_CONSTANT_CONVERSION = YES;
				CLANG_WARN_DIRECT_OBJC_ISA_USAGE = YES_ERROR;
				CLANG_WARN_DOCUMENTATION_COMMENTS = YES;
				CLANG_WARN_EMPTY_BODY = YES;
				CLANG_WARN_ENUM_CONVERSION = YES;
				CLANG_WARN_INFINITE_RECURSION = YES;
				CLANG_WARN_INT_CONVERSION = YES;
				CLANG_WARN_NON_LITERAL_NULL_CONVERSION = YES;
				CLANG_WARN_OBJC_LITERAL_CONVERSION = YES;
				CLANG_WARN_OBJC_ROOT_CLASS = YES_ERROR;
				CLANG_WARN_RANGE_LOOP_ANALYSIS = YES;
				CLANG_WARN_STRICT_PROTOTYPES = YES;
				CLANG_WARN_SUSPICIOUS_MOVE = YES;
				CLANG_WARN_UNGUARDED_AVAILABILITY = YES_AGGRESSIVE;
				CLANG_WARN_UNREACHABLE_CODE = YES;
				CLANG_WARN__DUPLICATE_METHOD_MATCH = YES;
				CODE_SIGN_IDENTITY = "Mac Developer";
				COPY_PHASE_STRIP = NO;
				DEBUG_INFORMATION_FORMAT = dwarf;
				ENABLE_STRICT_OBJC_MSGSEND = YES;
				ENABLE_TESTABILITY = YES;
				GCC_C_LANGUAGE_STANDARD = gnu11;
				GCC_DYNAMIC_NO_PIC = NO;
				GCC_NO_COMMON_BLOCKS = YES;
				GCC_OPTIMIZATION_LEVEL = 0;
				GCC_PREPROCESSOR_DEFINITIONS = (
					"DEBUG=1",
					"$(inherited)",
				);
				GCC_WARN_64_TO_32_BIT_CONVERSION = YES;
				GCC_WARN_ABOUT_RETURN_TYPE = YES_ERROR;
				GCC_WARN_UNDECLARED_SELECTOR = YES;
				GCC_WARN_UNINITIALIZED_AUTOS = YES_AGGRESSIVE;
				GCC_WARN_UNUSED_FUNCTION = YES;
				GCC_WARN_UNUSED_VARIABLE = YES;
				MACOSX_DEPLOYMENT_TARGET = 10.12;
				MTL_ENABLE_DEBUG_INFO = YES;
				ONLY_ACTIVE_ARCH = YES;
				SDKROOT = macosx;
			};
			name = Debug;
		};
		33E121591FA87E1B00B775D5 /* Release */ = {
			isa = XCBuildConfiguration;
			buildSettings = {
				ALWAYS_SEARCH_USER_PATHS = NO;
				CLANG_ANALYZER_NONNULL = YES;
				CLANG_ANALYZER_NUMBER_OBJECT_CONVERSION = YES_AGGRESSIVE;
				CLANG_CXX_LANGUAGE_STANDARD = "gnu++14";
				CLANG_CXX_LIBRARY = "libc++";
				CLANG_ENABLE_MODULES = YES;
				CLANG_ENABLE_OBJC_ARC = YES;
				CLANG_WARN_BLOCK_CAPTURE_AUTORELEASING = YES;
				CLANG_WARN_BOOL_CONVERSION = YES;
				CLANG_WARN_COMMA = YES;
				CLANG_WARN_CONSTANT_CONVERSION = YES;
				CLANG_WARN_DIRECT_OBJC_ISA_USAGE = YES_ERROR;
				CLANG_WARN_DOCUMENTATION_COMMENTS = YES;
				CLANG_WARN_EMPTY_BODY = YES;
				CLANG_WARN_ENUM_CONVERSION = YES;
				CLANG_WARN_INFINITE_RECURSION = YES;
				CLANG_WARN_INT_CONVERSION = YES;
				CLANG_WARN_NON_LITERAL_NULL_CONVERSION = YES;
				CLANG_WARN_OBJC_LITERAL_CONVERSION = YES;
				CLANG_WARN_OBJC_ROOT_CLASS = YES_ERROR;
				CLANG_WARN_RANGE_LOOP_ANALYSIS = YES;
				CLANG_WARN_STRICT_PROTOTYPES = YES;
				CLANG_WARN_SUSPICIOUS_MOVE = YES;
				CLANG_WARN_UNGUARDED_AVAILABILITY = YES_AGGRESSIVE;
				CLANG_WARN_UNREACHABLE_CODE = YES;
				CLANG_WARN__DUPLICATE_METHOD_MATCH = YES;
				CODE_SIGN_IDENTITY = "Mac Developer";
				COPY_PHASE_STRIP = NO;
				DEBUG_INFORMATION_FORMAT = "dwarf-with-dsym";
				ENABLE_NS_ASSERTIONS = NO;
				ENABLE_STRICT_OBJC_MSGSEND = YES;
				GCC_C_LANGUAGE_STANDARD = gnu11;
				GCC_NO_COMMON_BLOCKS = YES;
				GCC_WARN_64_TO_32_BIT_CONVERSION = YES;
				GCC_WARN_ABOUT_RETURN_TYPE = YES_ERROR;
				GCC_WARN_UNDECLARED_SELECTOR = YES;
				GCC_WARN_UNINITIALIZED_AUTOS = YES_AGGRESSIVE;
				GCC_WARN_UNUSED_FUNCTION = YES;
				GCC_WARN_UNUSED_VARIABLE = YES;
				MACOSX_DEPLOYMENT_TARGET = 10.12;
				MTL_ENABLE_DEBUG_INFO = NO;
				SDKROOT = macosx;
			};
			name = Release;
		};
		33E1215B1FA87E1B00B775D5 /* Debug */ = {
			isa = XCBuildConfiguration;
			buildSettings = {
				ASSETCATALOG_COMPILER_APPICON_NAME = AppIcon;
				CODE_SIGN_STYLE = Automatic;
				COMBINE_HIDPI_IMAGES = YES;
				DEVELOPMENT_TEAM = AY6EP74J52;
				INFOPLIST_FILE = JPTool/Info.plist;
				LD_RUNPATH_SEARCH_PATHS = "$(inherited) @executable_path/../Frameworks";
				PRODUCT_BUNDLE_IDENTIFIER = com.taogu.JPTool;
				PRODUCT_NAME = "$(TARGET_NAME)";
			};
			name = Debug;
		};
		33E1215C1FA87E1B00B775D5 /* Release */ = {
			isa = XCBuildConfiguration;
			buildSettings = {
				ASSETCATALOG_COMPILER_APPICON_NAME = AppIcon;
				CODE_SIGN_STYLE = Automatic;
				COMBINE_HIDPI_IMAGES = YES;
				DEVELOPMENT_TEAM = AY6EP74J52;
				INFOPLIST_FILE = JPTool/Info.plist;
				LD_RUNPATH_SEARCH_PATHS = "$(inherited) @executable_path/../Frameworks";
				PRODUCT_BUNDLE_IDENTIFIER = com.taogu.JPTool;
				PRODUCT_NAME = "$(TARGET_NAME)";
			};
			name = Release;
		};
/* End XCBuildConfiguration section */

/* Begin XCConfigurationList section */
		33E121411FA87E1A00B775D5 /* Build configuration list for PBXProject "JPTool" */ = {
			isa = XCConfigurationList;
			buildConfigurations = (
				33E121581FA87E1B00B775D5 /* Debug */,
				33E121591FA87E1B00B775D5 /* Release */,
			);
			defaultConfigurationIsVisible = 0;
			defaultConfigurationName = Release;
		};
		33E1215A1FA87E1B00B775D5 /* Build configuration list for PBXNativeTarget "JPTool" */ = {
			isa = XCConfigurationList;
			buildConfigurations = (
				33E1215B1FA87E1B00B775D5 /* Debug */,
				33E1215C1FA87E1B00B775D5 /* Release */,
			);
			defaultConfigurationIsVisible = 0;
			defaultConfigurationName = Release;
		};
/* End XCConfigurationList section */
	};
	rootObject = 33E1213E1FA87E1A00B775D5 /* Project object */;
}
